// !$*UTF8*$!
{
	archiveVersion = 1;
	classes = {
	};
	objectVersion = 46;
	objects = {

/* Begin PBXBuildFile section */
		7DAAF1DA1DDA577B00F1008E /* TransactionTableViewController.swift in Sources */ = {isa = PBXBuildFile; fileRef = 7DAAF1D91DDA577B00F1008E /* TransactionTableViewController.swift */; };
		7DC513891DC7CB220031EBBE /* AddBudgetTableViewController.swift in Sources */ = {isa = PBXBuildFile; fileRef = 7DC513881DC7CB220031EBBE /* AddBudgetTableViewController.swift */; };
		7DECF8A61DC136F500774C1C /* BudgetTableViewController.swift in Sources */ = {isa = PBXBuildFile; fileRef = 7DECF8A51DC136F500774C1C /* BudgetTableViewController.swift */; };
		7DECF8A81DC1375900774C1C /* BudgetTableViewCell.swift in Sources */ = {isa = PBXBuildFile; fileRef = 7DECF8A71DC1375900774C1C /* BudgetTableViewCell.swift */; };
		7DF7892C1DD1684500C7E6A7 /* Transaction.swift in Sources */ = {isa = PBXBuildFile; fileRef = 7DF7892B1DD1684500C7E6A7 /* Transaction.swift */; };
		D040EEEC1DBEA7FD009D9336 /* AppDelegate.swift in Sources */ = {isa = PBXBuildFile; fileRef = D040EEEB1DBEA7FD009D9336 /* AppDelegate.swift */; };
		D040EEF01DBEA7FD009D9336 /* TransactionsViewController.swift in Sources */ = {isa = PBXBuildFile; fileRef = D040EEEF1DBEA7FD009D9336 /* TransactionsViewController.swift */; };
		D040EEF31DBEA7FD009D9336 /* Main.storyboard in Resources */ = {isa = PBXBuildFile; fileRef = D040EEF11DBEA7FD009D9336 /* Main.storyboard */; };
		D040EEF51DBEA7FD009D9336 /* Assets.xcassets in Resources */ = {isa = PBXBuildFile; fileRef = D040EEF41DBEA7FD009D9336 /* Assets.xcassets */; };
		D040EEF81DBEA7FD009D9336 /* LaunchScreen.storyboard in Resources */ = {isa = PBXBuildFile; fileRef = D040EEF61DBEA7FD009D9336 /* LaunchScreen.storyboard */; };
		D040EF001DC10B6D009D9336 /* BreakdownViewController.swift in Sources */ = {isa = PBXBuildFile; fileRef = D040EEFF1DC10B6D009D9336 /* BreakdownViewController.swift */; };
		D040EF021DC10EA3009D9336 /* Budget.swift in Sources */ = {isa = PBXBuildFile; fileRef = D040EF011DC10EA3009D9336 /* Budget.swift */; };
/* End PBXBuildFile section */

/* Begin PBXFileReference section */
		7DAAF1D91DDA577B00F1008E /* TransactionTableViewController.swift */ = {isa = PBXFileReference; fileEncoding = 4; lastKnownFileType = sourcecode.swift; path = TransactionTableViewController.swift; sourceTree = "<group>"; };
		7DC513881DC7CB220031EBBE /* AddBudgetTableViewController.swift */ = {isa = PBXFileReference; fileEncoding = 4; lastKnownFileType = sourcecode.swift; path = AddBudgetTableViewController.swift; sourceTree = "<group>"; };
		7DECF8A51DC136F500774C1C /* BudgetTableViewController.swift */ = {isa = PBXFileReference; fileEncoding = 4; lastKnownFileType = sourcecode.swift; path = BudgetTableViewController.swift; sourceTree = "<group>"; };
		7DECF8A71DC1375900774C1C /* BudgetTableViewCell.swift */ = {isa = PBXFileReference; fileEncoding = 4; lastKnownFileType = sourcecode.swift; path = BudgetTableViewCell.swift; sourceTree = "<group>"; };
		7DF7892B1DD1684500C7E6A7 /* Transaction.swift */ = {isa = PBXFileReference; fileEncoding = 4; lastKnownFileType = sourcecode.swift; path = Transaction.swift; sourceTree = "<group>"; };
		D040EEE81DBEA7FD009D9336 /* BudgetApp.app */ = {isa = PBXFileReference; explicitFileType = wrapper.application; includeInIndex = 0; path = BudgetApp.app; sourceTree = BUILT_PRODUCTS_DIR; };
		D040EEEB1DBEA7FD009D9336 /* AppDelegate.swift */ = {isa = PBXFileReference; lastKnownFileType = sourcecode.swift; path = AppDelegate.swift; sourceTree = "<group>"; };
		D040EEEF1DBEA7FD009D9336 /* TransactionsViewController.swift */ = {isa = PBXFileReference; lastKnownFileType = sourcecode.swift; path = TransactionsViewController.swift; sourceTree = "<group>"; };
		D040EEF21DBEA7FD009D9336 /* Base */ = {isa = PBXFileReference; lastKnownFileType = file.storyboard; name = Base; path = Base.lproj/Main.storyboard; sourceTree = "<group>"; };
		D040EEF41DBEA7FD009D9336 /* Assets.xcassets */ = {isa = PBXFileReference; lastKnownFileType = folder.assetcatalog; path = Assets.xcassets; sourceTree = "<group>"; };
		D040EEF71DBEA7FD009D9336 /* Base */ = {isa = PBXFileReference; lastKnownFileType = file.storyboard; name = Base; path = Base.lproj/LaunchScreen.storyboard; sourceTree = "<group>"; };
		D040EEF91DBEA7FD009D9336 /* Info.plist */ = {isa = PBXFileReference; lastKnownFileType = text.plist.xml; path = Info.plist; sourceTree = "<group>"; };
		D040EEFF1DC10B6D009D9336 /* BreakdownViewController.swift */ = {isa = PBXFileReference; fileEncoding = 4; lastKnownFileType = sourcecode.swift; path = BreakdownViewController.swift; sourceTree = "<group>"; };
		D040EF011DC10EA3009D9336 /* Budget.swift */ = {isa = PBXFileReference; fileEncoding = 4; lastKnownFileType = sourcecode.swift; path = Budget.swift; sourceTree = "<group>"; };
/* End PBXFileReference section */

/* Begin PBXFrameworksBuildPhase section */
		D040EEE51DBEA7FC009D9336 /* Frameworks */ = {
			isa = PBXFrameworksBuildPhase;
			buildActionMask = 2147483647;
			files = (
			);
			runOnlyForDeploymentPostprocessing = 0;
		};
/* End PBXFrameworksBuildPhase section */

/* Begin PBXGroup section */
		D040EEDF1DBEA7FC009D9336 = {
			isa = PBXGroup;
			children = (
				D040EEEA1DBEA7FD009D9336 /* BudgetApp */,
				D040EEE91DBEA7FD009D9336 /* Products */,
			);
			sourceTree = "<group>";
		};
		D040EEE91DBEA7FD009D9336 /* Products */ = {
			isa = PBXGroup;
			children = (
				D040EEE81DBEA7FD009D9336 /* BudgetApp.app */,
			);
			name = Products;
			sourceTree = "<group>";
		};
		D040EEEA1DBEA7FD009D9336 /* BudgetApp */ = {
			isa = PBXGroup;
			children = (
				D040EEEB1DBEA7FD009D9336 /* AppDelegate.swift */,
				D040EF011DC10EA3009D9336 /* Budget.swift */,
				D040EEEF1DBEA7FD009D9336 /* TransactionsViewController.swift */,
				D040EEFF1DC10B6D009D9336 /* BreakdownViewController.swift */,
				D040EEF11DBEA7FD009D9336 /* Main.storyboard */,
				D040EEF41DBEA7FD009D9336 /* Assets.xcassets */,
				D040EEF61DBEA7FD009D9336 /* LaunchScreen.storyboard */,
				D040EEF91DBEA7FD009D9336 /* Info.plist */,
				7DECF8A51DC136F500774C1C /* BudgetTableViewController.swift */,
				7DECF8A71DC1375900774C1C /* BudgetTableViewCell.swift */,
				7DC513881DC7CB220031EBBE /* AddBudgetTableViewController.swift */,
				7DF7892B1DD1684500C7E6A7 /* Transaction.swift */,
				7DAAF1D91DDA577B00F1008E /* TransactionTableViewController.swift */,
			);
			path = BudgetApp;
			sourceTree = "<group>";
		};
/* End PBXGroup section */

/* Begin PBXNativeTarget section */
		D040EEE71DBEA7FC009D9336 /* BudgetApp */ = {
			isa = PBXNativeTarget;
			buildConfigurationList = D040EEFC1DBEA7FD009D9336 /* Build configuration list for PBXNativeTarget "BudgetApp" */;
			buildPhases = (
				D040EEE41DBEA7FC009D9336 /* Sources */,
				D040EEE51DBEA7FC009D9336 /* Frameworks */,
				D040EEE61DBEA7FC009D9336 /* Resources */,
			);
			buildRules = (
			);
			dependencies = (
			);
			name = BudgetApp;
			productName = BudgetApp;
			productReference = D040EEE81DBEA7FD009D9336 /* BudgetApp.app */;
			productType = "com.apple.product-type.application";
		};
/* End PBXNativeTarget section */

/* Begin PBXProject section */
		D040EEE01DBEA7FC009D9336 /* Project object */ = {
			isa = PBXProject;
			attributes = {
				LastSwiftUpdateCheck = 0800;
				LastUpgradeCheck = 0810;
				ORGANIZATIONNAME = FishWare;
				TargetAttributes = {
					D040EEE71DBEA7FC009D9336 = {
						CreatedOnToolsVersion = 8.0;
						DevelopmentTeam = QK5WLWAWC3;
						ProvisioningStyle = Automatic;
					};
				};
			};
			buildConfigurationList = D040EEE31DBEA7FC009D9336 /* Build configuration list for PBXProject "BudgetApp" */;
			compatibilityVersion = "Xcode 3.2";
			developmentRegion = English;
			hasScannedForEncodings = 0;
			knownRegions = (
				en,
				Base,
			);
			mainGroup = D040EEDF1DBEA7FC009D9336;
			productRefGroup = D040EEE91DBEA7FD009D9336 /* Products */;
			projectDirPath = "";
			projectRoot = "";
			targets = (
				D040EEE71DBEA7FC009D9336 /* BudgetApp */,
			);
		};
/* End PBXProject section */

/* Begin PBXResourcesBuildPhase section */
		D040EEE61DBEA7FC009D9336 /* Resources */ = {
			isa = PBXResourcesBuildPhase;
			buildActionMask = 2147483647;
			files = (
				D040EEF81DBEA7FD009D9336 /* LaunchScreen.storyboard in Resources */,
				D040EEF51DBEA7FD009D9336 /* Assets.xcassets in Resources */,
				D040EEF31DBEA7FD009D9336 /* Main.storyboard in Resources */,
			);
			runOnlyForDeploymentPostprocessing = 0;
		};
/* End PBXResourcesBuildPhase section */

/* Begin PBXSourcesBuildPhase section */
		D040EEE41DBEA7FC009D9336 /* Sources */ = {
			isa = PBXSourcesBuildPhase;
			buildActionMask = 2147483647;
			files = (
				7DECF8A61DC136F500774C1C /* BudgetTableViewController.swift in Sources */,
				D040EEF01DBEA7FD009D9336 /* TransactionsViewController.swift in Sources */,
				7DF7892C1DD1684500C7E6A7 /* Transaction.swift in Sources */,
				7DECF8A81DC1375900774C1C /* BudgetTableViewCell.swift in Sources */,
				D040EF001DC10B6D009D9336 /* BreakdownViewController.swift in Sources */,
				7DC513891DC7CB220031EBBE /* AddBudgetTableViewController.swift in Sources */,
				D040EF021DC10EA3009D9336 /* Budget.swift in Sources */,
				D040EEEC1DBEA7FD009D9336 /* AppDelegate.swift in Sources */,
				7DAAF1DA1DDA577B00F1008E /* TransactionTableViewController.swift in Sources */,
			);
			runOnlyForDeploymentPostprocessing = 0;
		};
/* End PBXSourcesBuildPhase section */

/* Begin PBXVariantGroup section */
		D040EEF11DBEA7FD009D9336 /* Main.storyboard */ = {
			isa = PBXVariantGroup;
			children = (
				D040EEF21DBEA7FD009D9336 /* Base */,
			);
			name = Main.storyboard;
			sourceTree = "<group>";
		};
		D040EEF61DBEA7FD009D9336 /* LaunchScreen.storyboard */ = {
			isa = PBXVariantGroup;
			children = (
				D040EEF71DBEA7FD009D9336 /* Base */,
			);
			name = LaunchScreen.storyboard;
			sourceTree = "<group>";
		};
/* End PBXVariantGroup section */

/* Begin XCBuildConfiguration section */
		D040EEFA1DBEA7FD009D9336 /* Debug */ = {
			isa = XCBuildConfiguration;
			buildSettings = {
				ALWAYS_SEARCH_USER_PATHS = NO;
				CLANG_ANALYZER_NONNULL = YES;
				CLANG_CXX_LANGUAGE_STANDARD = "gnu++0x";
				CLANG_CXX_LIBRARY = "libc++";
				CLANG_ENABLE_MODULES = YES;
				CLANG_ENABLE_OBJC_ARC = YES;
				CLANG_WARN_BOOL_CONVERSION = YES;
				CLANG_WARN_CONSTANT_CONVERSION = YES;
				CLANG_WARN_DIRECT_OBJC_ISA_USAGE = YES_ERROR;
				CLANG_WARN_DOCUMENTATION_COMMENTS = YES;
				CLANG_WARN_EMPTY_BODY = YES;
				CLANG_WARN_ENUM_CONVERSION = YES;
				CLANG_WARN_INFINITE_RECURSION = YES;
				CLANG_WARN_INT_CONVERSION = YES;
				CLANG_WARN_OBJC_ROOT_CLASS = YES_ERROR;
				CLANG_WARN_SUSPICIOUS_MOVE = YES;
				CLANG_WARN_SUSPICIOUS_MOVES = YES;
				CLANG_WARN_UNREACHABLE_CODE = YES;
				CLANG_WARN__DUPLICATE_METHOD_MATCH = YES;
				"CODE_SIGN_IDENTITY[sdk=iphoneos*]" = "iPhone Developer";
				COPY_PHASE_STRIP = NO;
				DEBUG_INFORMATION_FORMAT = dwarf;
				ENABLE_STRICT_OBJC_MSGSEND = YES;
				ENABLE_TESTABILITY = YES;
				GCC_C_LANGUAGE_STANDARD = gnu99;
				GCC_DYNAMIC_NO_PIC = NO;
				GCC_NO_COMMON_BLOCKS = YES;
				GCC_OPTIMIZATION_LEVEL = 0;
				GCC_PREPROCESSOR_DEFINITIONS = (
					"DEBUG=1",
					"$(inherited)",
				);
				GCC_WARN_64_TO_32_BIT_CONVERSION = YES;
				GCC_WARN_ABOUT_RETURN_TYPE = YES_ERROR;
				GCC_WARN_UNDECLARED_SELECTOR = YES;
				GCC_WARN_UNINITIALIZED_AUTOS = YES_AGGRESSIVE;
				GCC_WARN_UNUSED_FUNCTION = YES;
				GCC_WARN_UNUSED_VARIABLE = YES;
				IPHONEOS_DEPLOYMENT_TARGET = 10.0;
				MTL_ENABLE_DEBUG_INFO = YES;
				ONLY_ACTIVE_ARCH = YES;
				SDKROOT = iphoneos;
				SWIFT_ACTIVE_COMPILATION_CONDITIONS = DEBUG;
				SWIFT_OPTIMIZATION_LEVEL = "-Onone";
			};
			name = Debug;
		};
		D040EEFB1DBEA7FD009D9336 /* Release */ = {
			isa = XCBuildConfiguration;
			buildSettings = {
				ALWAYS_SEARCH_USER_PATHS = NO;
				CLANG_ANALYZER_NONNULL = YES;
				CLANG_CXX_LANGUAGE_STANDARD = "gnu++0x";
				CLANG_CXX_LIBRARY = "libc++";
				CLANG_ENABLE_MODULES = YES;
				CLANG_ENABLE_OBJC_ARC = YES;
				CLANG_WARN_BOOL_CONVERSION = YES;
				CLANG_WARN_CONSTANT_CONVERSION = YES;
				CLANG_WARN_DIRECT_OBJC_ISA_USAGE = YES_ERROR;
				CLANG_WARN_DOCUMENTATION_COMMENTS = YES;
				CLANG_WARN_EMPTY_BODY = YES;
				CLANG_WARN_ENUM_CONVERSION = YES;
				CLANG_WARN_INFINITE_RECURSION = YES;
				CLANG_WARN_INT_CONVERSION = YES;
				CLANG_WARN_OBJC_ROOT_CLASS = YES_ERROR;
				CLANG_WARN_SUSPICIOUS_MOVE = YES;
				CLANG_WARN_SUSPICIOUS_MOVES = YES;
				CLANG_WARN_UNREACHABLE_CODE = YES;
				CLANG_WARN__DUPLICATE_METHOD_MATCH = YES;
				"CODE_SIGN_IDENTITY[sdk=iphoneos*]" = "iPhone Developer";
				COPY_PHASE_STRIP = NO;
				DEBUG_INFORMATION_FORMAT = "dwarf-with-dsym";
				ENABLE_NS_ASSERTIONS = NO;
				ENABLE_STRICT_OBJC_MSGSEND = YES;
				GCC_C_LANGUAGE_STANDARD = gnu99;
				GCC_NO_COMMON_BLOCKS = YES;
				GCC_WARN_64_TO_32_BIT_CONVERSION = YES;
				GCC_WARN_ABOUT_RETURN_TYPE = YES_ERROR;
				GCC_WARN_UNDECLARED_SELECTOR = YES;
				GCC_WARN_UNINITIALIZED_AUTOS = YES_AGGRESSIVE;
				GCC_WARN_UNUSED_FUNCTION = YES;
				GCC_WARN_UNUSED_VARIABLE = YES;
				IPHONEOS_DEPLOYMENT_TARGET = 10.0;
				MTL_ENABLE_DEBUG_INFO = NO;
				SDKROOT = iphoneos;
				SWIFT_OPTIMIZATION_LEVEL = "-Owholemodule";
				VALIDATE_PRODUCT = YES;
			};
			name = Release;
		};
		D040EEFD1DBEA7FD009D9336 /* Debug */ = {
			isa = XCBuildConfiguration;
			buildSettings = {
				ASSETCATALOG_COMPILER_APPICON_NAME = AppIcon;
				DEVELOPMENT_TEAM = QK5WLWAWC3;
				INFOPLIST_FILE = BudgetApp/Info.plist;
				LD_RUNPATH_SEARCH_PATHS = "$(inherited) @executable_path/Frameworks";
				PRODUCT_BUNDLE_IDENTIFIER = com.fish.BudgetApp;
				PRODUCT_NAME = "$(TARGET_NAME)";
				SWIFT_VERSION = 3.0;
			};
			name = Debug;
		};
		D040EEFE1DBEA7FD009D9336 /* Release */ = {
			isa = XCBuildConfiguration;
			buildSettings = {
				ASSETCATALOG_COMPILER_APPICON_NAME = AppIcon;
				DEVELOPMENT_TEAM = QK5WLWAWC3;
				INFOPLIST_FILE = BudgetApp/Info.plist;
				LD_RUNPATH_SEARCH_PATHS = "$(inherited) @executable_path/Frameworks";
				PRODUCT_BUNDLE_IDENTIFIER = com.fish.BudgetApp;
				PRODUCT_NAME = "$(TARGET_NAME)";
				SWIFT_VERSION = 3.0;
			};
			name = Release;
		};
/* End XCBuildConfiguration section */

/* Begin XCConfigurationList section */
		D040EEE31DBEA7FC009D9336 /* Build configuration list for PBXProject "BudgetApp" */ = {
			isa = XCConfigurationList;
			buildConfigurations = (
				D040EEFA1DBEA7FD009D9336 /* Debug */,
				D040EEFB1DBEA7FD009D9336 /* Release */,
			);
			defaultConfigurationIsVisible = 0;
			defaultConfigurationName = Release;
		};
		D040EEFC1DBEA7FD009D9336 /* Build configuration list for PBXNativeTarget "BudgetApp" */ = {
			isa = XCConfigurationList;
			buildConfigurations = (
				D040EEFD1DBEA7FD009D9336 /* Debug */,
				D040EEFE1DBEA7FD009D9336 /* Release */,
			);
			defaultConfigurationIsVisible = 0;
			defaultConfigurationName = Release;
		};
/* End XCConfigurationList section */
	};
	rootObject = D040EEE01DBEA7FC009D9336 /* Project object */;
}
